
Microsoft Visual Studio Solution File, Format Version 12.00
# Visual Studio 15
Project("{FAE04EC0-301F-11D3-BF4B-00C04F79EFBC}") = "UnityEngine.TestRunner", "UnityEngine.TestRunner.csproj", "{726A2044-CA6C-BA1E-9E91-4584A553D25D}"
EndProject
Project("{FAE04EC0-301F-11D3-BF4B-00C04F79EFBC}") = "Unity.Mathematics", "Unity.Mathematics.csproj", "{F2F9F7C5-DD6C-6999-79C4-93BDBE2EC6A5}"
EndProject
Project("{FAE04EC0-301F-11D3-BF4B-00C04F79EFBC}") = "Unity.2D.Animation.Triangle.Runtime", "Unity.2D.Animation.Triangle.Runtime.csproj", "{CBD21B89-D127-8E09-A3E0-690315567263}"
EndProject
Project("{FAE04EC0-301F-11D3-BF4B-00C04F79EFBC}") = "Unity.Timeline", "Unity.Timeline.csproj", "{8029EB4A-AF62-EEE1-97E3-9FDA9E1557C8}"
EndProject
Project("{FAE04EC0-301F-11D3-BF4B-00C04F79EFBC}") = "UnityEngine.UI", "UnityEngine.UI.csproj", "{214CA3B5-F61F-0433-65C6-9F7441C356BE}"
EndProject
Project("{FAE04EC0-301F-11D3-BF4B-00C04F79EFBC}") = "Unity.TextMeshPro", "Unity.TextMeshPro.csproj", "{A2CCF73A-93FD-4144-0D83-C08D47F1E7FD}"
EndProject
Project("{FAE04EC0-301F-11D3-BF4B-00C04F79EFBC}") = "Unity.2D.Animation.Runtime", "Unity.2D.Animation.Runtime.csproj", "{ADA098A9-DE3E-6A5D-D2E7-5C32CDD52734}"
EndProject
Project("{FAE04EC0-301F-11D3-BF4B-00C04F79EFBC}") = "Unity.2D.IK.Runtime", "Unity.2D.IK.Runtime.csproj", "{FDF236B9-2A3F-0E0E-139D-E20518E3186D}"
EndProject
Project("{FAE04EC0-301F-11D3-BF4B-00C04F79EFBC}") = "Unity.2D.SpriteShape.Runtime", "Unity.2D.SpriteShape.Runtime.csproj", "{AA5D3FBB-0EA8-1AF0-80C0-8FA9F4FBFF01}"
EndProject
Project("{FAE04EC0-301F-11D3-BF4B-00C04F79EFBC}") = "Assembly-CSharp", "Assembly-CSharp.csproj", "{143F6790-B19D-B3A4-4C61-116FC101BC67}"
EndProject
Project("{FAE04EC0-301F-11D3-BF4B-00C04F79EFBC}") = "Unity.2D.PixelPerfect", "Unity.2D.PixelPerfect.csproj", "{DD39B9EE-4EC5-DD0C-E057-356AF111038D}"
EndProject
Project("{FAE04EC0-301F-11D3-BF4B-00C04F79EFBC}") = "Unity.2D.Common.Runtime", "Unity.2D.Common.Runtime.csproj", "{DE54E83F-F5D3-1EF0-E64B-82E1232952FD}"
EndProject
Project("{FAE04EC0-301F-11D3-BF4B-00C04F79EFBC}") = "Unity.InternalAPIEngineBridge.001", "Unity.InternalAPIEngineBridge.001.csproj", "{DF960094-3157-166D-2B71-2DC7AC6558EF}"
EndProject
Project("{FAE04EC0-301F-11D3-BF4B-00C04F79EFBC}") = "UnityEditor.TestRunner", "UnityEditor.TestRunner.csproj", "{B4175857-5517-05AE-12D8-1452AA39C56B}"
EndProject
Project("{FAE04EC0-301F-11D3-BF4B-00C04F79EFBC}") = "Unity.PlasticSCM.Editor", "Unity.PlasticSCM.Editor.csproj", "{C8C5EA95-3AD6-C824-7C5C-053748C08375}"
EndProject
Project("{FAE04EC0-301F-11D3-BF4B-00C04F79EFBC}") = "Unity.Services.Core.Editor", "Unity.Services.Core.Editor.csproj", "{868095E8-05C1-FAD9-2924-7D6EF238B408}"
EndProject
Project("{FAE04EC0-301F-11D3-BF4B-00C04F79EFBC}") = "UnityEditor.UI", "UnityEditor.UI.csproj", "{A732A639-855B-7E57-BD18-698F2BFE53C3}"
EndProject
Project("{FAE04EC0-301F-11D3-BF4B-00C04F79EFBC}") = "Unity.Timeline.Editor", "Unity.Timeline.Editor.csproj", "{52ADF08F-D503-B398-87F0-E8F3C3D9869D}"
EndProject
Project("{FAE04EC0-301F-11D3-BF4B-00C04F79EFBC}") = "Unity.VisualStudio.Editor", "Unity.VisualStudio.Editor.csproj", "{BA40E653-10CA-850A-CD6A-7A7BBF39393C}"
EndProject
Project("{FAE04EC0-301F-11D3-BF4B-00C04F79EFBC}") = "Unity.2D.Psdimporter.Editor", "Unity.2D.Psdimporter.Editor.csproj", "{8D39B182-647B-CAC1-CF5E-8238CE66EBEA}"
EndProject
Project("{FAE04EC0-301F-11D3-BF4B-00C04F79EFBC}") = "Unity.2D.Animation.Editor", "Unity.2D.Animation.Editor.csproj", "{BEF4255C-7EC5-7805-9FF6-0C25DB55202B}"
EndProject
Project("{FAE04EC0-301F-11D3-BF4B-00C04F79EFBC}") = "Unity.TextMeshPro.Editor", "Unity.TextMeshPro.Editor.csproj", "{78D9231D-1D66-E518-8F7A-DB05DE260D4A}"
EndProject
Project("{FAE04EC0-301F-11D3-BF4B-00C04F79EFBC}") = "Unity.2D.SpriteShape.Editor", "Unity.2D.SpriteShape.Editor.csproj", "{BFC9CD8A-2FB2-CB23-0B24-650DC5A2ABAB}"
EndProject
Project("{FAE04EC0-301F-11D3-BF4B-00C04F79EFBC}") = "PsdPlugin", "PsdPlugin.csproj", "{5492BA16-611E-BFA6-FDE5-6C6FD431D550}"
EndProject
Project("{FAE04EC0-301F-11D3-BF4B-00C04F79EFBC}") = "Unity.2D.Path.Editor", "Unity.2D.Path.Editor.csproj", "{31C3BC2A-7A14-3FC4-0BA3-1E8FDAC03A28}"
EndProject
Project("{FAE04EC0-301F-11D3-BF4B-00C04F79EFBC}") = "Unity.Rider.Editor", "Unity.Rider.Editor.csproj", "{F1E39D38-0CEF-BCD0-BF16-8D92D81DA417}"
EndProject
Project("{FAE04EC0-301F-11D3-BF4B-00C04F79EFBC}") = "Unity.2D.IK.Editor", "Unity.2D.IK.Editor.csproj", "{1C599008-9B3E-1AD6-D0A8-58D2DBF25E08}"
EndProject
Project("{FAE04EC0-301F-11D3-BF4B-00C04F79EFBC}") = "Unity.2D.Sprite.Editor", "Unity.2D.Sprite.Editor.csproj", "{19B6753E-CB55-AD34-79D6-D868B53CC15A}"
EndProject
Project("{FAE04EC0-301F-11D3-BF4B-00C04F79EFBC}") = "Unity.2D.Tilemap.Editor", "Unity.2D.Tilemap.Editor.csproj", "{C5DE8FE1-9C92-06BB-7CA4-B9572FB88817}"
EndProject
Project("{FAE04EC0-301F-11D3-BF4B-00C04F79EFBC}") = "Unity.2D.PixelPerfect.Editor", "Unity.2D.PixelPerfect.Editor.csproj", "{07265F87-5603-852B-49DC-C3A073BCF901}"
EndProject
Project("{FAE04EC0-301F-11D3-BF4B-00C04F79EFBC}") = "Unity.VSCode.Editor", "Unity.VSCode.Editor.csproj", "{3829E6EF-1548-9DD3-D972-45AC319B0FDD}"
EndProject
Project("{FAE04EC0-301F-11D3-BF4B-00C04F79EFBC}") = "Unity.2D.Common.Editor", "Unity.2D.Common.Editor.csproj", "{F8F79F6D-54E9-4DEB-8168-AF4CD5BF476D}"
EndProject
Project("{FAE04EC0-301F-11D3-BF4B-00C04F79EFBC}") = "Unity.Mathematics.Editor", "Unity.Mathematics.Editor.csproj", "{DF6AC376-162F-DE82-CFBE-11272F4FA16B}"
EndProject
Project("{FAE04EC0-301F-11D3-BF4B-00C04F79EFBC}") = "Unity.InternalAPIEditorBridge.001", "Unity.InternalAPIEditorBridge.001.csproj", "{02435C40-F84E-54A8-00FB-5068DE38F357}"
EndProject
Project("{FAE04EC0-301F-11D3-BF4B-00C04F79EFBC}") = "UnityEngine.TestRunner", "UnityEngine.TestRunner.Player.csproj", "{C2858D93-9C0E-9DE7-067F-02E7DD79BD8C}"
EndProject
Project("{FAE04EC0-301F-11D3-BF4B-00C04F79EFBC}") = "Unity.Mathematics", "Unity.Mathematics.Player.csproj", "{93388F57-C204-EC50-C62C-8F3BEE450420}"
EndProject
Project("{FAE04EC0-301F-11D3-BF4B-00C04F79EFBC}") = "Unity.2D.Animation.Triangle.Runtime", "Unity.2D.Animation.Triangle.Runtime.Player.csproj", "{9D73444F-CCD6-9FB1-C6AE-723BC0D65D04}"
EndProject
Project("{FAE04EC0-301F-11D3-BF4B-00C04F79EFBC}") = "Unity.Timeline", "Unity.Timeline.Player.csproj", "{3B11635D-9A2E-9C05-DAF7-568D70273D3F}"
EndProject
Project("{FAE04EC0-301F-11D3-BF4B-00C04F79EFBC}") = "UnityEngine.UI", "UnityEngine.UI.Player.csproj", "{7459E211-2CEE-5C39-705D-A707986FA996}"
EndProject
Project("{FAE04EC0-301F-11D3-BF4B-00C04F79EFBC}") = "Unity.TextMeshPro", "Unity.TextMeshPro.Player.csproj", "{29836507-9D45-AB32-CC24-318B4126A637}"
EndProject
Project("{FAE04EC0-301F-11D3-BF4B-00C04F79EFBC}") = "Unity.2D.Animation.Runtime", "Unity.2D.Animation.Runtime.Player.csproj", "{FA7C2C26-FFB7-E4D9-4A85-BF9E79B443A7}"
EndProject
Project("{FAE04EC0-301F-11D3-BF4B-00C04F79EFBC}") = "Unity.2D.IK.Runtime", "Unity.2D.IK.Runtime.Player.csproj", "{2569231E-C700-29B3-B094-560E07BA951F}"
EndProject
Project("{FAE04EC0-301F-11D3-BF4B-00C04F79EFBC}") = "Unity.2D.SpriteShape.Runtime", "Unity.2D.SpriteShape.Runtime.Player.csproj", "{E102CF93-0844-0A6C-4D57-D33FAAC16095}"
EndProject
Project("{FAE04EC0-301F-11D3-BF4B-00C04F79EFBC}") = "Assembly-CSharp", "Assembly-CSharp.Player.csproj", "{CAC8860A-D222-ED86-EBBF-9B94CAC7BA1E}"
EndProject
Project("{FAE04EC0-301F-11D3-BF4B-00C04F79EFBC}") = "Unity.2D.PixelPerfect", "Unity.2D.PixelPerfect.Player.csproj", "{A0F48431-9942-6AD4-2EC2-A58423EA8637}"
EndProject
Project("{FAE04EC0-301F-11D3-BF4B-00C04F79EFBC}") = "Unity.2D.Common.Runtime", "Unity.2D.Common.Runtime.Player.csproj", "{EDFF9F9A-A173-1D3C-C475-A66EE7635072}"
EndProject
Project("{FAE04EC0-301F-11D3-BF4B-00C04F79EFBC}") = "Unity.InternalAPIEngineBridge.001", "Unity.InternalAPIEngineBridge.001.Player.csproj", "{3EA2630C-6E4F-6870-A5BC-B21583CD30A5}"
EndProject
Global
	GlobalSection(SolutionConfigurationPlatforms) = preSolution
		Debug|Any CPU = Debug|Any CPU
		Release|Any CPU = Release|Any CPU
	EndGlobalSection
	GlobalSection(ProjectConfigurationPlatforms) = postSolution
		{726A2044-CA6C-BA1E-9E91-4584A553D25D}.Debug|Any CPU.ActiveCfg = Debug|Any CPU
		{726A2044-CA6C-BA1E-9E91-4584A553D25D}.Debug|Any CPU.Build.0 = Debug|Any CPU
		{726A2044-CA6C-BA1E-9E91-4584A553D25D}.Release|Any CPU.ActiveCfg = Release|Any CPU
		{726A2044-CA6C-BA1E-9E91-4584A553D25D}.Release|Any CPU.Build.0 = Release|Any CPU
		{F2F9F7C5-DD6C-6999-79C4-93BDBE2EC6A5}.Debug|Any CPU.ActiveCfg = Debug|Any CPU
		{F2F9F7C5-DD6C-6999-79C4-93BDBE2EC6A5}.Debug|Any CPU.Build.0 = Debug|Any CPU
		{F2F9F7C5-DD6C-6999-79C4-93BDBE2EC6A5}.Release|Any CPU.ActiveCfg = Release|Any CPU
		{F2F9F7C5-DD6C-6999-79C4-93BDBE2EC6A5}.Release|Any CPU.Build.0 = Release|Any CPU
		{CBD21B89-D127-8E09-A3E0-690315567263}.Debug|Any CPU.ActiveCfg = Debug|Any CPU
		{CBD21B89-D127-8E09-A3E0-690315567263}.Debug|Any CPU.Build.0 = Debug|Any CPU
		{CBD21B89-D127-8E09-A3E0-690315567263}.Release|Any CPU.ActiveCfg = Release|Any CPU
		{CBD21B89-D127-8E09-A3E0-690315567263}.Release|Any CPU.Build.0 = Release|Any CPU
		{8029EB4A-AF62-EEE1-97E3-9FDA9E1557C8}.Debug|Any CPU.ActiveCfg = Debug|Any CPU
		{8029EB4A-AF62-EEE1-97E3-9FDA9E1557C8}.Debug|Any CPU.Build.0 = Debug|Any CPU
		{8029EB4A-AF62-EEE1-97E3-9FDA9E1557C8}.Release|Any CPU.ActiveCfg = Release|Any CPU
		{8029EB4A-AF62-EEE1-97E3-9FDA9E1557C8}.Release|Any CPU.Build.0 = Release|Any CPU
		{214CA3B5-F61F-0433-65C6-9F7441C356BE}.Debug|Any CPU.ActiveCfg = Debug|Any CPU
		{214CA3B5-F61F-0433-65C6-9F7441C356BE}.Debug|Any CPU.Build.0 = Debug|Any CPU
		{214CA3B5-F61F-0433-65C6-9F7441C356BE}.Release|Any CPU.ActiveCfg = Release|Any CPU
		{214CA3B5-F61F-0433-65C6-9F7441C356BE}.Release|Any CPU.Build.0 = Release|Any CPU
		{A2CCF73A-93FD-4144-0D83-C08D47F1E7FD}.Debug|Any CPU.ActiveCfg = Debug|Any CPU
		{A2CCF73A-93FD-4144-0D83-C08D47F1E7FD}.Debug|Any CPU.Build.0 = Debug|Any CPU
		{A2CCF73A-93FD-4144-0D83-C08D47F1E7FD}.Release|Any CPU.ActiveCfg = Release|Any CPU
		{A2CCF73A-93FD-4144-0D83-C08D47F1E7FD}.Release|Any CPU.Build.0 = Release|Any CPU
		{ADA098A9-DE3E-6A5D-D2E7-5C32CDD52734}.Debug|Any CPU.ActiveCfg = Debug|Any CPU
		{ADA098A9-DE3E-6A5D-D2E7-5C32CDD52734}.Debug|Any CPU.Build.0 = Debug|Any CPU
		{ADA098A9-DE3E-6A5D-D2E7-5C32CDD52734}.Release|Any CPU.ActiveCfg = Release|Any CPU
		{ADA098A9-DE3E-6A5D-D2E7-5C32CDD52734}.Release|Any CPU.Build.0 = Release|Any CPU
		{FDF236B9-2A3F-0E0E-139D-E20518E3186D}.Debug|Any CPU.ActiveCfg = Debug|Any CPU
		{FDF236B9-2A3F-0E0E-139D-E20518E3186D}.Debug|Any CPU.Build.0 = Debug|Any CPU
		{FDF236B9-2A3F-0E0E-139D-E20518E3186D}.Release|Any CPU.ActiveCfg = Release|Any CPU
		{FDF236B9-2A3F-0E0E-139D-E20518E3186D}.Release|Any CPU.Build.0 = Release|Any CPU
		{AA5D3FBB-0EA8-1AF0-80C0-8FA9F4FBFF01}.Debug|Any CPU.ActiveCfg = Debug|Any CPU
		{AA5D3FBB-0EA8-1AF0-80C0-8FA9F4FBFF01}.Debug|Any CPU.Build.0 = Debug|Any CPU
		{AA5D3FBB-0EA8-1AF0-80C0-8FA9F4FBFF01}.Release|Any CPU.ActiveCfg = Release|Any CPU
		{AA5D3FBB-0EA8-1AF0-80C0-8FA9F4FBFF01}.Release|Any CPU.Build.0 = Release|Any CPU
		{143F6790-B19D-B3A4-4C61-116FC101BC67}.Debug|Any CPU.ActiveCfg = Debug|Any CPU
		{143F6790-B19D-B3A4-4C61-116FC101BC67}.Debug|Any CPU.Build.0 = Debug|Any CPU
		{143F6790-B19D-B3A4-4C61-116FC101BC67}.Release|Any CPU.ActiveCfg = Release|Any CPU
		{143F6790-B19D-B3A4-4C61-116FC101BC67}.Release|Any CPU.Build.0 = Release|Any CPU
		{DD39B9EE-4EC5-DD0C-E057-356AF111038D}.Debug|Any CPU.ActiveCfg = Debug|Any CPU
		{DD39B9EE-4EC5-DD0C-E057-356AF111038D}.Debug|Any CPU.Build.0 = Debug|Any CPU
		{DD39B9EE-4EC5-DD0C-E057-356AF111038D}.Release|Any CPU.ActiveCfg = Release|Any CPU
		{DD39B9EE-4EC5-DD0C-E057-356AF111038D}.Release|Any CPU.Build.0 = Release|Any CPU
		{DE54E83F-F5D3-1EF0-E64B-82E1232952FD}.Debug|Any CPU.ActiveCfg = Debug|Any CPU
		{DE54E83F-F5D3-1EF0-E64B-82E1232952FD}.Debug|Any CPU.Build.0 = Debug|Any CPU
		{DE54E83F-F5D3-1EF0-E64B-82E1232952FD}.Release|Any CPU.ActiveCfg = Release|Any CPU
		{DE54E83F-F5D3-1EF0-E64B-82E1232952FD}.Release|Any CPU.Build.0 = Release|Any CPU
		{DF960094-3157-166D-2B71-2DC7AC6558EF}.Debug|Any CPU.ActiveCfg = Debug|Any CPU
		{DF960094-3157-166D-2B71-2DC7AC6558EF}.Debug|Any CPU.Build.0 = Debug|Any CPU
		{DF960094-3157-166D-2B71-2DC7AC6558EF}.Release|Any CPU.ActiveCfg = Release|Any CPU
		{DF960094-3157-166D-2B71-2DC7AC6558EF}.Release|Any CPU.Build.0 = Release|Any CPU
		{B4175857-5517-05AE-12D8-1452AA39C56B}.Debug|Any CPU.ActiveCfg = Debug|Any CPU
		{B4175857-5517-05AE-12D8-1452AA39C56B}.Debug|Any CPU.Build.0 = Debug|Any CPU
		{B4175857-5517-05AE-12D8-1452AA39C56B}.Release|Any CPU.ActiveCfg = Release|Any CPU
		{B4175857-5517-05AE-12D8-1452AA39C56B}.Release|Any CPU.Build.0 = Release|Any CPU
		{C8C5EA95-3AD6-C824-7C5C-053748C08375}.Debug|Any CPU.ActiveCfg = Debug|Any CPU
		{C8C5EA95-3AD6-C824-7C5C-053748C08375}.Debug|Any CPU.Build.0 = Debug|Any CPU
		{C8C5EA95-3AD6-C824-7C5C-053748C08375}.Release|Any CPU.ActiveCfg = Release|Any CPU
		{C8C5EA95-3AD6-C824-7C5C-053748C08375}.Release|Any CPU.Build.0 = Release|Any CPU
		{868095E8-05C1-FAD9-2924-7D6EF238B408}.Debug|Any CPU.ActiveCfg = Debug|Any CPU
		{868095E8-05C1-FAD9-2924-7D6EF238B408}.Debug|Any CPU.Build.0 = Debug|Any CPU
		{868095E8-05C1-FAD9-2924-7D6EF238B408}.Release|Any CPU.ActiveCfg = Release|Any CPU
		{868095E8-05C1-FAD9-2924-7D6EF238B408}.Release|Any CPU.Build.0 = Release|Any CPU
		{A732A639-855B-7E57-BD18-698F2BFE53C3}.Debug|Any CPU.ActiveCfg = Debug|Any CPU
		{A732A639-855B-7E57-BD18-698F2BFE53C3}.Debug|Any CPU.Build.0 = Debug|Any CPU
		{A732A639-855B-7E57-BD18-698F2BFE53C3}.Release|Any CPU.ActiveCfg = Release|Any CPU
		{A732A639-855B-7E57-BD18-698F2BFE53C3}.Release|Any CPU.Build.0 = Release|Any CPU
		{52ADF08F-D503-B398-87F0-E8F3C3D9869D}.Debug|Any CPU.ActiveCfg = Debug|Any CPU
		{52ADF08F-D503-B398-87F0-E8F3C3D9869D}.Debug|Any CPU.Build.0 = Debug|Any CPU
		{52ADF08F-D503-B398-87F0-E8F3C3D9869D}.Release|Any CPU.ActiveCfg = Release|Any CPU
		{52ADF08F-D503-B398-87F0-E8F3C3D9869D}.Release|Any CPU.Build.0 = Release|Any CPU
		{BA40E653-10CA-850A-CD6A-7A7BBF39393C}.Debug|Any CPU.ActiveCfg = Debug|Any CPU
		{BA40E653-10CA-850A-CD6A-7A7BBF39393C}.Debug|Any CPU.Build.0 = Debug|Any CPU
		{BA40E653-10CA-850A-CD6A-7A7BBF39393C}.Release|Any CPU.ActiveCfg = Release|Any CPU
		{BA40E653-10CA-850A-CD6A-7A7BBF39393C}.Release|Any CPU.Build.0 = Release|Any CPU
		{8D39B182-647B-CAC1-CF5E-8238CE66EBEA}.Debug|Any CPU.ActiveCfg = Debug|Any CPU
		{8D39B182-647B-CAC1-CF5E-8238CE66EBEA}.Debug|Any CPU.Build.0 = Debug|Any CPU
		{8D39B182-647B-CAC1-CF5E-8238CE66EBEA}.Release|Any CPU.ActiveCfg = Release|Any CPU
		{8D39B182-647B-CAC1-CF5E-8238CE66EBEA}.Release|Any CPU.Build.0 = Release|Any CPU
		{BEF4255C-7EC5-7805-9FF6-0C25DB55202B}.Debug|Any CPU.ActiveCfg = Debug|Any CPU
		{BEF4255C-7EC5-7805-9FF6-0C25DB55202B}.Debug|Any CPU.Build.0 = Debug|Any CPU
		{BEF4255C-7EC5-7805-9FF6-0C25DB55202B}.Release|Any CPU.ActiveCfg = Release|Any CPU
		{BEF4255C-7EC5-7805-9FF6-0C25DB55202B}.Release|Any CPU.Build.0 = Release|Any CPU
		{78D9231D-1D66-E518-8F7A-DB05DE260D4A}.Debug|Any CPU.ActiveCfg = Debug|Any CPU
		{78D9231D-1D66-E518-8F7A-DB05DE260D4A}.Debug|Any CPU.Build.0 = Debug|Any CPU
		{78D9231D-1D66-E518-8F7A-DB05DE260D4A}.Release|Any CPU.ActiveCfg = Release|Any CPU
		{78D9231D-1D66-E518-8F7A-DB05DE260D4A}.Release|Any CPU.Build.0 = Release|Any CPU
		{BFC9CD8A-2FB2-CB23-0B24-650DC5A2ABAB}.Debug|Any CPU.ActiveCfg = Debug|Any CPU
		{BFC9CD8A-2FB2-CB23-0B24-650DC5A2ABAB}.Debug|Any CPU.Build.0 = Debug|Any CPU
		{BFC9CD8A-2FB2-CB23-0B24-650DC5A2ABAB}.Release|Any CPU.ActiveCfg = Release|Any CPU
		{BFC9CD8A-2FB2-CB23-0B24-650DC5A2ABAB}.Release|Any CPU.Build.0 = Release|Any CPU
		{5492BA16-611E-BFA6-FDE5-6C6FD431D550}.Debug|Any CPU.ActiveCfg = Debug|Any CPU
		{5492BA16-611E-BFA6-FDE5-6C6FD431D550}.Debug|Any CPU.Build.0 = Debug|Any CPU
		{5492BA16-611E-BFA6-FDE5-6C6FD431D550}.Release|Any CPU.ActiveCfg = Release|Any CPU
		{5492BA16-611E-BFA6-FDE5-6C6FD431D550}.Release|Any CPU.Build.0 = Release|Any CPU
		{31C3BC2A-7A14-3FC4-0BA3-1E8FDAC03A28}.Debug|Any CPU.ActiveCfg = Debug|Any CPU
		{31C3BC2A-7A14-3FC4-0BA3-1E8FDAC03A28}.Debug|Any CPU.Build.0 = Debug|Any CPU
		{31C3BC2A-7A14-3FC4-0BA3-1E8FDAC03A28}.Release|Any CPU.ActiveCfg = Release|Any CPU
		{31C3BC2A-7A14-3FC4-0BA3-1E8FDAC03A28}.Release|Any CPU.Build.0 = Release|Any CPU
		{F1E39D38-0CEF-BCD0-BF16-8D92D81DA417}.Debug|Any CPU.ActiveCfg = Debug|Any CPU
		{F1E39D38-0CEF-BCD0-BF16-8D92D81DA417}.Debug|Any CPU.Build.0 = Debug|Any CPU
		{F1E39D38-0CEF-BCD0-BF16-8D92D81DA417}.Release|Any CPU.ActiveCfg = Release|Any CPU
		{F1E39D38-0CEF-BCD0-BF16-8D92D81DA417}.Release|Any CPU.Build.0 = Release|Any CPU
		{1C599008-9B3E-1AD6-D0A8-58D2DBF25E08}.Debug|Any CPU.ActiveCfg = Debug|Any CPU
		{1C599008-9B3E-1AD6-D0A8-58D2DBF25E08}.Debug|Any CPU.Build.0 = Debug|Any CPU
		{1C599008-9B3E-1AD6-D0A8-58D2DBF25E08}.Release|Any CPU.ActiveCfg = Release|Any CPU
		{1C599008-9B3E-1AD6-D0A8-58D2DBF25E08}.Release|Any CPU.Build.0 = Release|Any CPU
		{19B6753E-CB55-AD34-79D6-D868B53CC15A}.Debug|Any CPU.ActiveCfg = Debug|Any CPU
		{19B6753E-CB55-AD34-79D6-D868B53CC15A}.Debug|Any CPU.Build.0 = Debug|Any CPU
		{19B6753E-CB55-AD34-79D6-D868B53CC15A}.Release|Any CPU.ActiveCfg = Release|Any CPU
		{19B6753E-CB55-AD34-79D6-D868B53CC15A}.Release|Any CPU.Build.0 = Release|Any CPU
		{C5DE8FE1-9C92-06BB-7CA4-B9572FB88817}.Debug|Any CPU.ActiveCfg = Debug|Any CPU
		{C5DE8FE1-9C92-06BB-7CA4-B9572FB88817}.Debug|Any CPU.Build.0 = Debug|Any CPU
		{C5DE8FE1-9C92-06BB-7CA4-B9572FB88817}.Release|Any CPU.ActiveCfg = Release|Any CPU
		{C5DE8FE1-9C92-06BB-7CA4-B9572FB88817}.Release|Any CPU.Build.0 = Release|Any CPU
		{07265F87-5603-852B-49DC-C3A073BCF901}.Debug|Any CPU.ActiveCfg = Debug|Any CPU
		{07265F87-5603-852B-49DC-C3A073BCF901}.Debug|Any CPU.Build.0 = Debug|Any CPU
		{07265F87-5603-852B-49DC-C3A073BCF901}.Release|Any CPU.ActiveCfg = Release|Any CPU
		{07265F87-5603-852B-49DC-C3A073BCF901}.Release|Any CPU.Build.0 = Release|Any CPU
		{3829E6EF-1548-9DD3-D972-45AC319B0FDD}.Debug|Any CPU.ActiveCfg = Debug|Any CPU
		{3829E6EF-1548-9DD3-D972-45AC319B0FDD}.Debug|Any CPU.Build.0 = Debug|Any CPU
		{3829E6EF-1548-9DD3-D972-45AC319B0FDD}.Release|Any CPU.ActiveCfg = Release|Any CPU
		{3829E6EF-1548-9DD3-D972-45AC319B0FDD}.Release|Any CPU.Build.0 = Release|Any CPU
		{F8F79F6D-54E9-4DEB-8168-AF4CD5BF476D}.Debug|Any CPU.ActiveCfg = Debug|Any CPU
		{F8F79F6D-54E9-4DEB-8168-AF4CD5BF476D}.Debug|Any CPU.Build.0 = Debug|Any CPU
		{F8F79F6D-54E9-4DEB-8168-AF4CD5BF476D}.Release|Any CPU.ActiveCfg = Release|Any CPU
		{F8F79F6D-54E9-4DEB-8168-AF4CD5BF476D}.Release|Any CPU.Build.0 = Release|Any CPU
		{DF6AC376-162F-DE82-CFBE-11272F4FA16B}.Debug|Any CPU.ActiveCfg = Debug|Any CPU
		{DF6AC376-162F-DE82-CFBE-11272F4FA16B}.Debug|Any CPU.Build.0 = Debug|Any CPU
		{DF6AC376-162F-DE82-CFBE-11272F4FA16B}.Release|Any CPU.ActiveCfg = Release|Any CPU
		{DF6AC376-162F-DE82-CFBE-11272F4FA16B}.Release|Any CPU.Build.0 = Release|Any CPU
		{02435C40-F84E-54A8-00FB-5068DE38F357}.Debug|Any CPU.ActiveCfg = Debug|Any CPU
		{02435C40-F84E-54A8-00FB-5068DE38F357}.Debug|Any CPU.Build.0 = Debug|Any CPU
		{02435C40-F84E-54A8-00FB-5068DE38F357}.Release|Any CPU.ActiveCfg = Release|Any CPU
		{02435C40-F84E-54A8-00FB-5068DE38F357}.Release|Any CPU.Build.0 = Release|Any CPU
		{C2858D93-9C0E-9DE7-067F-02E7DD79BD8C}.Debug|Any CPU.ActiveCfg = Debug|Any CPU
		{C2858D93-9C0E-9DE7-067F-02E7DD79BD8C}.Debug|Any CPU.Build.0 = Debug|Any CPU
		{C2858D93-9C0E-9DE7-067F-02E7DD79BD8C}.Release|Any CPU.ActiveCfg = Release|Any CPU
		{C2858D93-9C0E-9DE7-067F-02E7DD79BD8C}.Release|Any CPU.Build.0 = Release|Any CPU
		{93388F57-C204-EC50-C62C-8F3BEE450420}.Debug|Any CPU.ActiveCfg = Debug|Any CPU
		{93388F57-C204-EC50-C62C-8F3BEE450420}.Debug|Any CPU.Build.0 = Debug|Any CPU
		{93388F57-C204-EC50-C62C-8F3BEE450420}.Release|Any CPU.ActiveCfg = Release|Any CPU
		{93388F57-C204-EC50-C62C-8F3BEE450420}.Release|Any CPU.Build.0 = Release|Any CPU
		{9D73444F-CCD6-9FB1-C6AE-723BC0D65D04}.Debug|Any CPU.ActiveCfg = Debug|Any CPU
		{9D73444F-CCD6-9FB1-C6AE-723BC0D65D04}.Debug|Any CPU.Build.0 = Debug|Any CPU
		{9D73444F-CCD6-9FB1-C6AE-723BC0D65D04}.Release|Any CPU.ActiveCfg = Release|Any CPU
		{9D73444F-CCD6-9FB1-C6AE-723BC0D65D04}.Release|Any CPU.Build.0 = Release|Any CPU
		{3B11635D-9A2E-9C05-DAF7-568D70273D3F}.Debug|Any CPU.ActiveCfg = Debug|Any CPU
		{3B11635D-9A2E-9C05-DAF7-568D70273D3F}.Debug|Any CPU.Build.0 = Debug|Any CPU
		{3B11635D-9A2E-9C05-DAF7-568D70273D3F}.Release|Any CPU.ActiveCfg = Release|Any CPU
		{3B11635D-9A2E-9C05-DAF7-568D70273D3F}.Release|Any CPU.Build.0 = Release|Any CPU
		{7459E211-2CEE-5C39-705D-A707986FA996}.Debug|Any CPU.ActiveCfg = Debug|Any CPU
		{7459E211-2CEE-5C39-705D-A707986FA996}.Debug|Any CPU.Build.0 = Debug|Any CPU
		{7459E211-2CEE-5C39-705D-A707986FA996}.Release|Any CPU.ActiveCfg = Release|Any CPU
		{7459E211-2CEE-5C39-705D-A707986FA996}.Release|Any CPU.Build.0 = Release|Any CPU
		{29836507-9D45-AB32-CC24-318B4126A637}.Debug|Any CPU.ActiveCfg = Debug|Any CPU
		{29836507-9D45-AB32-CC24-318B4126A637}.Debug|Any CPU.Build.0 = Debug|Any CPU
		{29836507-9D45-AB32-CC24-318B4126A637}.Release|Any CPU.ActiveCfg = Release|Any CPU
		{29836507-9D45-AB32-CC24-318B4126A637}.Release|Any CPU.Build.0 = Release|Any CPU
		{FA7C2C26-FFB7-E4D9-4A85-BF9E79B443A7}.Debug|Any CPU.ActiveCfg = Debug|Any CPU
		{FA7C2C26-FFB7-E4D9-4A85-BF9E79B443A7}.Debug|Any CPU.Build.0 = Debug|Any CPU
		{FA7C2C26-FFB7-E4D9-4A85-BF9E79B443A7}.Release|Any CPU.ActiveCfg = Release|Any CPU
		{FA7C2C26-FFB7-E4D9-4A85-BF9E79B443A7}.Release|Any CPU.Build.0 = Release|Any CPU
		{2569231E-C700-29B3-B094-560E07BA951F}.Debug|Any CPU.ActiveCfg = Debug|Any CPU
		{2569231E-C700-29B3-B094-560E07BA951F}.Debug|Any CPU.Build.0 = Debug|Any CPU
		{2569231E-C700-29B3-B094-560E07BA951F}.Release|Any CPU.ActiveCfg = Release|Any CPU
		{2569231E-C700-29B3-B094-560E07BA951F}.Release|Any CPU.Build.0 = Release|Any CPU
		{E102CF93-0844-0A6C-4D57-D33FAAC16095}.Debug|Any CPU.ActiveCfg = Debug|Any CPU
		{E102CF93-0844-0A6C-4D57-D33FAAC16095}.Debug|Any CPU.Build.0 = Debug|Any CPU
		{E102CF93-0844-0A6C-4D57-D33FAAC16095}.Release|Any CPU.ActiveCfg = Release|Any CPU
		{E102CF93-0844-0A6C-4D57-D33FAAC16095}.Release|Any CPU.Build.0 = Release|Any CPU
		{CAC8860A-D222-ED86-EBBF-9B94CAC7BA1E}.Debug|Any CPU.ActiveCfg = Debug|Any CPU
		{CAC8860A-D222-ED86-EBBF-9B94CAC7BA1E}.Debug|Any CPU.Build.0 = Debug|Any CPU
		{CAC8860A-D222-ED86-EBBF-9B94CAC7BA1E}.Release|Any CPU.ActiveCfg = Release|Any CPU
		{CAC8860A-D222-ED86-EBBF-9B94CAC7BA1E}.Release|Any CPU.Build.0 = Release|Any CPU
		{A0F48431-9942-6AD4-2EC2-A58423EA8637}.Debug|Any CPU.ActiveCfg = Debug|Any CPU
		{A0F48431-9942-6AD4-2EC2-A58423EA8637}.Debug|Any CPU.Build.0 = Debug|Any CPU
		{A0F48431-9942-6AD4-2EC2-A58423EA8637}.Release|Any CPU.ActiveCfg = Release|Any CPU
		{A0F48431-9942-6AD4-2EC2-A58423EA8637}.Release|Any CPU.Build.0 = Release|Any CPU
		{EDFF9F9A-A173-1D3C-C475-A66EE7635072}.Debug|Any CPU.ActiveCfg = Debug|Any CPU
		{EDFF9F9A-A173-1D3C-C475-A66EE7635072}.Debug|Any CPU.Build.0 = Debug|Any CPU
		{EDFF9F9A-A173-1D3C-C475-A66EE7635072}.Release|Any CPU.ActiveCfg = Release|Any CPU
		{EDFF9F9A-A173-1D3C-C475-A66EE7635072}.Release|Any CPU.Build.0 = Release|Any CPU
		{3EA2630C-6E4F-6870-A5BC-B21583CD30A5}.Debug|Any CPU.ActiveCfg = Debug|Any CPU
		{3EA2630C-6E4F-6870-A5BC-B21583CD30A5}.Debug|Any CPU.Build.0 = Debug|Any CPU
		{3EA2630C-6E4F-6870-A5BC-B21583CD30A5}.Release|Any CPU.ActiveCfg = Release|Any CPU
		{3EA2630C-6E4F-6870-A5BC-B21583CD30A5}.Release|Any CPU.Build.0 = Release|Any CPU
	EndGlobalSection
	GlobalSection(SolutionProperties) = preSolution
		HideSolutionNode = FALSE
	EndGlobalSection
EndGlobal
